
Microsoft Visual Studio Solution File, Format Version 12.00
# Visual Studio 2017
Project("{FAE04EC0-301F-11D3-BF4B-00C04F79EFBC}") = "The Dawn of Evil", "The Dawn of Evil.csproj", "{412B7B09-5648-EFC8-8C43-710BFE6ED0BA}"
EndProject
Global
	GlobalSection(SolutionConfigurationPlatforms) = preSolution
		Debug|Any CPU = Debug|Any CPU
		Release|Any CPU = Release|Any CPU
	EndGlobalSection
	GlobalSection(ProjectConfigurationPlatforms) = postSolution
		{412B7B09-5648-EFC8-8C43-710BFE6ED0BA}.Debug|Any CPU.ActiveCfg = Debug|Any CPU
		{412B7B09-5648-EFC8-8C43-710BFE6ED0BA}.Debug|Any CPU.Build.0 = Debug|Any CPU
		{412B7B09-5648-EFC8-8C43-710BFE6ED0BA}.Release|Any CPU.ActiveCfg = Release|Any CPU
		{412B7B09-5648-EFC8-8C43-710BFE6ED0BA}.Release|Any CPU.Build.0 = Release|Any CPU
	EndGlobalSection
	GlobalSection(SolutionProperties) = preSolution
		HideSolutionNode = FALSE
	EndGlobalSection
EndGlobal
